
Microsoft Visual Studio Solution File, Format Version 12.00
# Visual Studio Version 17
VisualStudioVersion = 17.6.33723.286
MinimumVisualStudioVersion = 10.0.40219.1
Project("{00D1A9C2-B5F0-4AF3-8072-F6C62B433612}") = "SQL Server", "SQL Server.sqlproj", "{10E34BCE-08DE-4641-B4BA-6ED73C681C8E}"
EndProject
Global
	GlobalSection(SolutionConfigurationPlatforms) = preSolution
		Debug|Any CPU = Debug|Any CPU
		Release|Any CPU = Release|Any CPU
	EndGlobalSection
	GlobalSection(ProjectConfigurationPlatforms) = postSolution
		{10E34BCE-08DE-4641-B4BA-6ED73C681C8E}.Debug|Any CPU.ActiveCfg = Debug|Any CPU
		{10E34BCE-08DE-4641-B4BA-6ED73C681C8E}.Debug|Any CPU.Build.0 = Debug|Any CPU
		{10E34BCE-08DE-4641-B4BA-6ED73C681C8E}.Debug|Any CPU.Deploy.0 = Debug|Any CPU
		{10E34BCE-08DE-4641-B4BA-6ED73C681C8E}.Release|Any CPU.ActiveCfg = Release|Any CPU
		{10E34BCE-08DE-4641-B4BA-6ED73C681C8E}.Release|Any CPU.Build.0 = Release|Any CPU
		{10E34BCE-08DE-4641-B4BA-6ED73C681C8E}.Release|Any CPU.Deploy.0 = Release|Any CPU
	EndGlobalSection
	GlobalSection(SolutionProperties) = preSolution
		HideSolutionNode = FALSE
	EndGlobalSection
	GlobalSection(ExtensibilityGlobals) = postSolution
		SolutionGuid = {02507F92-02AD-486F-A7A7-B45EBFD3FCAE}
	EndGlobalSection
EndGlobal
